
Microsoft Visual Studio Solution File, Format Version 12.00
# Visual Studio Version 16
VisualStudioVersion = 16.0.31129.286
MinimumVisualStudioVersion = 10.0.40219.1
Project("{8BC9CEB8-8B4A-11D0-8D11-00A0C91BC942}") = "SleepTest", "SleepTest.vcxproj", "{C5F80730-F44F-4478-BDAE-6634EFC2CA88}"
EndProject
Project("{8BC9CEB8-8B4A-11D0-8D11-00A0C91BC942}") = "Low-Power-master-1.6", "Libraries\Low-Power-master\1.6\Low-Power-master\Low-Power-master-1.6.vcxitems", "{3CAB1F2F-A48C-4D18-9CE0-4A4B9D4BBF21}"
EndProject
Global
	GlobalSection(SharedMSBuildProjectFiles) = preSolution
		Libraries\Low-Power-master\1.6\Low-Power-master\Low-Power-master-1.6.vcxitems*{3cab1f2f-a48c-4d18-9ce0-4a4b9d4bbf21}*SharedItemsImports = 9
		Libraries\Low-Power-master\1.6\Low-Power-master\Low-Power-master-1.6.vcxitems*{c5f80730-f44f-4478-bdae-6634efc2ca88}*SharedItemsImports = 4
	EndGlobalSection
	GlobalSection(SolutionConfigurationPlatforms) = preSolution
		Debug|x86 = Debug|x86
		Release|x86 = Release|x86
	EndGlobalSection
	GlobalSection(ProjectConfigurationPlatforms) = postSolution
		{C5F80730-F44F-4478-BDAE-6634EFC2CA88}.Debug|x86.ActiveCfg = Debug|Win32
		{C5F80730-F44F-4478-BDAE-6634EFC2CA88}.Debug|x86.Build.0 = Debug|Win32
		{C5F80730-F44F-4478-BDAE-6634EFC2CA88}.Release|x86.ActiveCfg = Release|Win32
		{C5F80730-F44F-4478-BDAE-6634EFC2CA88}.Release|x86.Build.0 = Release|Win32
	EndGlobalSection
	GlobalSection(SolutionProperties) = preSolution
		HideSolutionNode = FALSE
	EndGlobalSection
	GlobalSection(ExtensibilityGlobals) = postSolution
		SolutionGuid = {8B5DB93B-6E14-4860-98BB-E930FA61DAA0}
	EndGlobalSection
EndGlobal
